<?xml version="1.0" encoding="utf-8"?>
<Project ToolsVersion="4.0" xmlns="http://schemas.microsoft.com/developer/msbuild/2003">
  <ItemGroup>
    <Filter Include="Source Files">
      <UniqueIdentifier>{4FC737F1-C7A5-4376-A066-2A32D752A2FF}</UniqueIdentifier>
      <Extensions>cpp;c;cc;cxx;def;odl;idl;hpj;bat;asm;asmx</Extensions>
    </Filter>
    <Filter Include="Header Files">
      <UniqueIdentifier>{93995380-89BD-4b04-88EB-625FBE52EBFB}</UniqueIdentifier>
      <Extensions>h;hh;hpp;hxx;hm;inl;inc;ipp;xsd</Extensions>
    </Filter>
    <Filter Include="Resource Files">
      <UniqueIdentifier>{67DA6AB6-F800-4c08-8B7A-83BB121AAD01}</UniqueIdentifier>
      <Extensions>rc;ico;cur;bmp;dlg;rc2;rct;bin;rgs;gif;jpg;jpeg;jpe;resx;tiff;tif;png;wav;mfcribbon-ms</Extensions>
    </Filter>
    <Filter Include="Header Files\Mathe">
      <UniqueIdentifier>{c64f53a5-f17c-422d-879b-2861620d03b1}</UniqueIdentifier>
    </Filter>
    <Filter Include="Source Files\Collision">
      <UniqueIdentifier>{4fd32e55-f20a-42d3-baea-f6e5ab4b8363}</UniqueIdentifier>
    </Filter>
    <Filter Include="Header Files\Collision">
      <UniqueIdentifier>{5ddda8b0-95a3-4152-8636-60685bd559cf}</UniqueIdentifier>
    </Filter>
    <Filter Include="Source Files\Mathe">
      <UniqueIdentifier>{dad40227-a0cd-4d3e-a134-f3c23945f215}</UniqueIdentifier>
    </Filter>
    <Filter Include="Header Files\Primitives">
      <UniqueIdentifier>{58f4b9f6-f3bd-4b38-ac6f-77ce8f4ecfd2}</UniqueIdentifier>
    </Filter>
    <Filter Include="Source Files\Primitives">
      <UniqueIdentifier>{7a7bb220-c2ea-4a5b-bcdd-9527ecd3b40e}</UniqueIdentifier>
    </Filter>
    <Filter Include="Source Files\Primitives\BoundingVolumeHierarchy">
      <UniqueIdentifier>{af9262b0-1480-4a4a-9569-fbe564bdcf18}</UniqueIdentifier>
    </Filter>
    <Filter Include="Header Files\Primitives\Volumes">
      <UniqueIdentifier>{d78d7293-2ea5-4b7a-89e5-244775448329}</UniqueIdentifier>
    </Filter>
    <Filter Include="Source Files\Primitives\Volumes">
      <UniqueIdentifier>{59ca9911-2151-40ba-9d2c-26ccf0eb06e9}</UniqueIdentifier>
    </Filter>
    <Filter Include="Header Files\Utilities">
      <UniqueIdentifier>{c06ce0a9-154b-4f24-8da8-aea0e21ece57}</UniqueIdentifier>
    </Filter>
    <Filter Include="Source Files\Utilities">
      <UniqueIdentifier>{daad5500-6140-4a5a-852e-57ab5d28037b}</UniqueIdentifier>
    </Filter>
    <Filter Include="Header Files\Primitives\Bounding Volume Hierarchy">
      <UniqueIdentifier>{79027110-3928-4274-a43c-3a2e5432db30}</UniqueIdentifier>
    </Filter>
  </ItemGroup>
  <ItemGroup>
    <ClCompile Include="main.cpp">
      <Filter>Source Files</Filter>
    </ClCompile>
    <ClCompile Include="Engine.cpp">
      <Filter>Source Files</Filter>
    </ClCompile>
    <ClCompile Include="Shapes.cpp">
      <Filter>Source Files</Filter>
    </ClCompile>
    <ClCompile Include="Matrix.cpp">
      <Filter>Source Files\Mathe</Filter>
    </ClCompile>
    <ClCompile Include="mathe.cpp">
      <Filter>Source Files\Mathe</Filter>
    </ClCompile>
    <ClCompile Include="Vector.cpp">
      <Filter>Source Files\Mathe</Filter>
    </ClCompile>
    <ClCompile Include="Collisions.cpp">
      <Filter>Source Files\Collision</Filter>
    </ClCompile>
    <ClCompile Include="CollisionFine.cpp">
      <Filter>Source Files\Collision</Filter>
    </ClCompile>
    <ClCompile Include="Primitive.cpp">
      <Filter>Source Files\Primitives</Filter>
    </ClCompile>
    <ClCompile Include="RigidBody.cpp">
      <Filter>Source Files\Primitives</Filter>
    </ClCompile>
    <ClCompile Include="CollisionResolution.cpp">
      <Filter>Source Files\Collision</Filter>
    </ClCompile>
    <ClCompile Include="BVHNode.cpp">
      <Filter>Source Files\Primitives\BoundingVolumeHierarchy</Filter>
    </ClCompile>
    <ClCompile Include="CollisionCoarse.cpp">
      <Filter>Source Files\Collision</Filter>
    </ClCompile>
    <ClCompile Include="PrimitiveManager.cpp">
      <Filter>Source Files</Filter>
    </ClCompile>
    <ClCompile Include="CollisionVolume.cpp">
      <Filter>Source Files\Primitives\Volumes</Filter>
    </ClCompile>
    <ClCompile Include="BoundingVolume.cpp">
      <Filter>Source Files\Primitives\Volumes</Filter>
    </ClCompile>
    <ClCompile Include="CollisionResolution2.cpp">
      <Filter>Source Files\Collision</Filter>
    </ClCompile>
    <ClCompile Include="CollisionData.cpp">
      <Filter>Source Files\Collision</Filter>
    </ClCompile>
    <ClCompile Include="Quaternion.cpp">
      <Filter>Source Files\Mathe</Filter>
    </ClCompile>
    <ClCompile Include="BVH.cpp">
      <Filter>Source Files\Primitives\BoundingVolumeHierarchy</Filter>
    </ClCompile>
    <ClCompile Include="Camera.cpp">
      <Filter>Source Files\Utilities</Filter>
    </ClCompile>
    <ClCompile Include="ConsoleControls.cpp">
      <Filter>Source Files\Utilities</Filter>
    </ClCompile>
    <ClCompile Include="Global.cpp">
      <Filter>Source Files\Utilities</Filter>
    </ClCompile>
    <ClCompile Include="OctTree.cpp">
      <Filter>Source Files\Utilities</Filter>
    </ClCompile>
    <ClCompile Include="RayCast.cpp">
      <Filter>Source Files</Filter>
    </ClCompile>
  </ItemGroup>
  <ItemGroup>
    <ClInclude Include="Matrix.h">
      <Filter>Header Files\Mathe</Filter>
    </ClInclude>
    <ClInclude Include="Vector.h">
      <Filter>Header Files\Mathe</Filter>
    </ClInclude>
    <ClInclude Include="Engine.h">
      <Filter>Header Files</Filter>
    </ClInclude>
    <ClInclude Include="mathe.h">
      <Filter>Header Files\Mathe</Filter>
    </ClInclude>
    <ClInclude Include="Shapes.h">
      <Filter>Header Files</Filter>
    </ClInclude>
    <ClInclude Include="Collisions.h">
      <Filter>Header Files\Collision</Filter>
    </ClInclude>
    <ClInclude Include="Primitive.h">
      <Filter>Header Files\Primitives</Filter>
    </ClInclude>
    <ClInclude Include="RigidBody.h">
      <Filter>Header Files\Primitives</Filter>
    </ClInclude>
    <ClInclude Include="CollisionFine.h">
      <Filter>Header Files\Collision</Filter>
    </ClInclude>
    <ClInclude Include="CollisionResolution.h">
      <Filter>Header Files\Collision</Filter>
    </ClInclude>
    <ClInclude Include="CollisionData.h">
      <Filter>Header Files\Collision</Filter>
    </ClInclude>
    <ClInclude Include="BVH.h">
      <Filter>Header Files\Primitives\Bounding Volume Hierarchy</Filter>
    </ClInclude>
    <ClInclude Include="BVHNode.h">
      <Filter>Header Files\Primitives\Bounding Volume Hierarchy</Filter>
    </ClInclude>
    <ClInclude Include="CollisionCoarse.h">
      <Filter>Header Files\Collision</Filter>
    </ClInclude>
    <ClInclude Include="PrimitiveManager.h">
      <Filter>Header Files</Filter>
    </ClInclude>
    <ClInclude Include="BoundingVolume.h">
      <Filter>Header Files\Primitives\Volumes</Filter>
    </ClInclude>
    <ClInclude Include="CollisionVolume.h">
      <Filter>Header Files\Primitives\Volumes</Filter>
    </ClInclude>
    <ClInclude Include="CollisionResolution2.h">
      <Filter>Header Files\Collision</Filter>
    </ClInclude>
    <ClInclude Include="Quaternion.h">
      <Filter>Header Files\Mathe</Filter>
    </ClInclude>
    <ClInclude Include="Global.h">
      <Filter>Header Files\Utilities</Filter>
    </ClInclude>
    <ClInclude Include="Camera.h">
      <Filter>Header Files\Utilities</Filter>
    </ClInclude>
    <ClInclude Include="Utilities.h">
      <Filter>Header Files\Utilities</Filter>
    </ClInclude>
    <ClInclude Include="ConsoleControls.h">
      <Filter>Header Files\Utilities</Filter>
    </ClInclude>
    <ClInclude Include="OctTree.h">
      <Filter>Header Files\Utilities</Filter>
    </ClInclude>
    <ClInclude Include="RayCast.h">
      <Filter>Header Files\Collision</Filter>
    </ClInclude>
  </ItemGroup>
  <ItemGroup>
    <None Include="ClassDiagram.cd" />
    <None Include="VertexShader.glsl">
      <Filter>Resource Files</Filter>
    </None>
    <None Include="FragmentShader.glsl">
      <Filter>Resource Files</Filter>
    </None>
  </ItemGroup>
</Project>